<?xml version="1.0" encoding="utf-8"?>
<Project ToolsVersion="4.0" xmlns="http://schemas.microsoft.com/developer/msbuild/2003">
  <ItemGroup>
    <Filter Include="Source Files">
      <UniqueIdentifier>{4FC737F1-C7A5-4376-A066-2A32D752A2FF}</UniqueIdentifier>
      <Extensions>cpp;c;cc;cxx;def;odl;idl;hpj;bat;asm;asmx</Extensions>
    </Filter>
    <Filter Include="Header Files">
      <UniqueIdentifier>{93995380-89BD-4b04-88EB-625FBE52EBFB}</UniqueIdentifier>
      <Extensions>h;hh;hpp;hxx;hm;inl;inc;ipp;xsd</Extensions>
    </Filter>
    <Filter Include="Resource Files">
      <UniqueIdentifier>{67DA6AB6-F800-4c08-8B7A-83BB121AAD01}</UniqueIdentifier>
      <Extensions>rc;ico;cur;bmp;dlg;rc2;rct;bin;rgs;gif;jpg;jpeg;jpe;resx;tiff;tif;png;wav;mfcribbon-ms</Extensions>
    </Filter>
    <Filter Include="Header Files\Stack">
      <UniqueIdentifier>{53728145-8363-4cda-960d-ff68ecf283a7}</UniqueIdentifier>
    </Filter>
    <Filter Include="Header Files\DP">
      <UniqueIdentifier>{637a2bb2-fa17-46df-84be-0c189d31388e}</UniqueIdentifier>
    </Filter>
    <Filter Include="Header Files\Thread">
      <UniqueIdentifier>{eb60cccf-ec6d-47fd-a159-f873d264d016}</UniqueIdentifier>
    </Filter>
  </ItemGroup>
  <ItemGroup>
    <ClInclude Include="pch.h">
      <Filter>Header Files</Filter>
    </ClInclude>
    <ClInclude Include="solutions.h">
      <Filter>Header Files</Filter>
    </ClInclude>
    <ClInclude Include="LetterCombinationsOfaPhoneNumber.h">
      <Filter>Header Files</Filter>
    </ClInclude>
    <ClInclude Include="GenerateParenthesis.h">
      <Filter>Header Files</Filter>
    </ClInclude>
    <ClInclude Include="PartitionList.h">
      <Filter>Header Files</Filter>
    </ClInclude>
    <ClInclude Include="LIS.h">
      <Filter>Header Files</Filter>
    </ClInclude>
    <ClInclude Include="CoinChange.h">
      <Filter>Header Files</Filter>
    </ClInclude>
    <ClInclude Include="WordBreak.h">
      <Filter>Header Files</Filter>
    </ClInclude>
    <ClInclude Include="GenerateParentheses.h">
      <Filter>Header Files</Filter>
    </ClInclude>
    <ClInclude Include="BestTimetoBuyandSellStock.h">
      <Filter>Header Files</Filter>
    </ClInclude>
    <ClInclude Include="HouseRobber.h">
      <Filter>Header Files</Filter>
    </ClInclude>
    <ClInclude Include="MinStack.h">
      <Filter>Header Files</Filter>
    </ClInclude>
    <ClInclude Include="LinkedListCycleII.h">
      <Filter>Header Files</Filter>
    </ClInclude>
    <ClInclude Include="RotateImage.h">
      <Filter>Header Files</Filter>
    </ClInclude>
    <ClInclude Include="SortList.h">
      <Filter>Header Files</Filter>
    </ClInclude>
    <ClInclude Include="AllSortSolutions.h">
      <Filter>Header Files</Filter>
    </ClInclude>
    <ClInclude Include="IntersectionofTwoLinkedLists.h">
      <Filter>Header Files</Filter>
    </ClInclude>
    <ClInclude Include="ReverseLinkedList.h">
      <Filter>Header Files</Filter>
    </ClInclude>
    <ClInclude Include="CourseSchedule.h">
      <Filter>Header Files</Filter>
    </ClInclude>
    <ClInclude Include="DailyTemperatures_739.h">
      <Filter>Header Files\Stack</Filter>
    </ClInclude>
    <ClInclude Include="DecodeString_394.h">
      <Filter>Header Files\Stack</Filter>
    </ClInclude>
    <ClInclude Include="ImplementQueueUsingStacks_232.h">
      <Filter>Header Files\Stack</Filter>
    </ClInclude>
    <ClInclude Include="TrappingRainWater_42.h">
      <Filter>Header Files\Stack</Filter>
    </ClInclude>
    <ClInclude Include="SimplifyPath_71.h">
      <Filter>Header Files\Stack</Filter>
    </ClInclude>
    <ClInclude Include="LargestRectangleInHistogram_84.h">
      <Filter>Header Files\Stack</Filter>
    </ClInclude>
    <ClInclude Include="ValidParentheses_20.h">
      <Filter>Header Files\Stack</Filter>
    </ClInclude>
    <ClInclude Include="MaximalRectangle_85.h">
      <Filter>Header Files\Stack</Filter>
    </ClInclude>
    <ClInclude Include="CoinChange_322.h">
      <Filter>Header Files\DP</Filter>
    </ClInclude>
    <ClInclude Include="LongestIncreasingSubsequence_300.h">
      <Filter>Header Files\DP</Filter>
    </ClInclude>
    <ClInclude Include="LongestPalindromicSubstring_5.h">
      <Filter>Header Files\DP</Filter>
    </ClInclude>
    <ClInclude Include="PrintInOrder_1114.h">
      <Filter>Header Files\Thread</Filter>
    </ClInclude>
    <ClInclude Include="MaximumSubarray_53.h">
      <Filter>Header Files\DP</Filter>
    </ClInclude>
    <ClInclude Include="UniquePaths_62.h">
      <Filter>Header Files\DP</Filter>
    </ClInclude>
    <ClInclude Include="MinimumPathSum_64.h">
      <Filter>Header Files\DP</Filter>
    </ClInclude>
    <ClInclude Include="ClimbingStairs_70.h">
      <Filter>Header Files\DP</Filter>
    </ClInclude>
  </ItemGroup>
  <ItemGroup>
    <ClCompile Include="pch.cpp">
      <Filter>Source Files</Filter>
    </ClCompile>
    <ClCompile Include="LCode.cpp">
      <Filter>Source Files</Filter>
    </ClCompile>
    <ClCompile Include="ThreeSum.h">
      <Filter>Header Files</Filter>
    </ClCompile>
  </ItemGroup>
</Project>